{
  "name": "helios-business-agent",
  "version": "0.4.0",
  "lockfileVersion": 3,
  "requires": true,
  "packages": {
    "": {
      "name": "helios-business-agent",
      "version": "0.4.0",
      "license": "MIT",
      "dependencies": {
        "@crowecawcaw/xa11y": "0.12.1"
      },
      "bin": {
        "helios": "src/cli.mjs"
      },
      "engines": {
        "node": ">=22.22.3"
      }
    },
    "node_modules/@crowecawcaw/xa11y": {
      "version": "0.12.1",
      "resolved": "https://registry.npmjs.org/@crowecawcaw/xa11y/-/xa11y-0.12.1.tgz",
      "integrity": "sha512-t8c4iNN6tS+GPAaIMhpZrQ8Pi6aYbCC5hI2QhP9ANlZaE84uOX7kosyhzatrZF8TIjTBf0AUdouw7iF3pc1KQw==",
      "license": "MIT",
      "engines": {
        "node": ">=18"
      },
      "optionalDependencies": {
        "@crowecawcaw/xa11y-darwin-arm64": "0.12.1",
        "@crowecawcaw/xa11y-darwin-x64": "0.12.1",
        "@crowecawcaw/xa11y-linux-arm64-gnu": "0.12.1",
        "@crowecawcaw/xa11y-linux-x64-gnu": "0.12.1",
        "@crowecawcaw/xa11y-win32-arm64-msvc": "0.12.1",
        "@crowecawcaw/xa11y-win32-x64-msvc": "0.12.1"
      }
    },
    "node_modules/@crowecawcaw/xa11y-darwin-arm64": {
      "version": "0.12.1",
      "resolved": "https://registry.npmjs.org/@crowecawcaw/xa11y-darwin-arm64/-/xa11y-darwin-arm64-0.12.1.tgz",
      "integrity": "sha512-R3SzDKWoo2dhfDEHRCP626oo1uDGjHTlwCJzOLRXixcchekMRqkIXX8Y5B+6mwhnh9o5p8ydH9OtPlYIbwiELA==",
      "cpu": [
        "arm64"
      ],
      "license": "MIT",
      "optional": true,
      "os": [
        "darwin"
      ],
      "engines": {
        "node": ">=18"
      }
    },
    "node_modules/@crowecawcaw/xa11y-darwin-x64": {
      "version": "0.12.1",
      "resolved": "https://registry.npmjs.org/@crowecawcaw/xa11y-darwin-x64/-/xa11y-darwin-x64-0.12.1.tgz",
      "integrity": "sha512-uuBs9lANYnuoRaxENXkPstTHPUN4LYD/pf+pwuXqa+Wnl3iwZke5sDje+VtblI4rkmZ6b9qavkh/rHOQcRCxAQ==",
      "cpu": [
        "x64"
      ],
      "license": "MIT",
      "optional": true,
      "os": [
        "darwin"
      ],
      "engines": {
        "node": ">=18"
      }
    },
    "node_modules/@crowecawcaw/xa11y-linux-arm64-gnu": {
      "version": "0.12.1",
      "resolved": "https://registry.npmjs.org/@crowecawcaw/xa11y-linux-arm64-gnu/-/xa11y-linux-arm64-gnu-0.12.1.tgz",
      "integrity": "sha512-Z+lS9NZ6r92z1ZjPcyUreLIlGUStM02ltQA2yLkQ7MoXbA0hxcEJE237QPDudbQdaUJEGR+UxUtuuRb93Thzyw==",
      "cpu": [
        "arm64"
      ],
      "libc": [
        "glibc"
      ],
      "license": "MIT",
      "optional": true,
      "os": [
        "linux"
      ],
      "engines": {
        "node": ">=18"
      }
    },
    "node_modules/@crowecawcaw/xa11y-linux-x64-gnu": {
      "version": "0.12.1",
      "resolved": "https://registry.npmjs.org/@crowecawcaw/xa11y-linux-x64-gnu/-/xa11y-linux-x64-gnu-0.12.1.tgz",
      "integrity": "sha512-8e/FE8OF5HedMBfgum8Awy65kiVAfDiPOHzVHfPRshp2djvHVdaNuIe2cJ0kG0PbWu2qePJSH/zmkrzSFqHGRg==",
      "cpu": [
        "x64"
      ],
      "libc": [
        "glibc"
      ],
      "license": "MIT",
      "optional": true,
      "os": [
        "linux"
      ],
      "engines": {
        "node": ">=18"
      }
    },
    "node_modules/@crowecawcaw/xa11y-win32-arm64-msvc": {
      "version": "0.12.1",
      "resolved": "https://registry.npmjs.org/@crowecawcaw/xa11y-win32-arm64-msvc/-/xa11y-win32-arm64-msvc-0.12.1.tgz",
      "integrity": "sha512-N1AAQRCpKf2LAvEjQU9aSe+ropU/kI2nEytYHEoct7PFUIh84kWynMGKllCdqQnqVl2iG8M9VHyexMbPTdaxzQ==",
      "cpu": [
        "arm64"
      ],
      "license": "MIT",
      "optional": true,
      "os": [
        "win32"
      ],
      "engines": {
        "node": ">=18"
      }
    },
    "node_modules/@crowecawcaw/xa11y-win32-x64-msvc": {
      "version": "0.12.1",
      "resolved": "https://registry.npmjs.org/@crowecawcaw/xa11y-win32-x64-msvc/-/xa11y-win32-x64-msvc-0.12.1.tgz",
      "integrity": "sha512-Ow+rzSexWajF4KPhBYmehiEqcjq+aTU17dR54y899zSyEHmklwiL2xYmM1/IQ7GmXIt/OCJ75yeuOuMlGc2S7A==",
      "cpu": [
        "x64"
      ],
      "license": "MIT",
      "optional": true,
      "os": [
        "win32"
      ],
      "engines": {
        "node": ">=18"
      }
    }
  }
}
