{
  "name": "helios-business-agent",
  "version": "0.8.0",
  "lockfileVersion": 3,
  "requires": true,
  "packages": {
    "": {
      "name": "helios-business-agent",
      "version": "0.8.0",
      "license": "MIT",
      "dependencies": {
        "@crowecawcaw/xa11y": "0.13.0"
      },
      "bin": {
        "helios": "src/cli.mjs"
      },
      "engines": {
        "node": ">=22.22.3"
      }
    },
    "node_modules/@crowecawcaw/xa11y": {
      "version": "0.13.0",
      "resolved": "https://registry.npmjs.org/@crowecawcaw/xa11y/-/xa11y-0.13.0.tgz",
      "integrity": "sha512-WTYHwlBhImGmmMt81crxaRvNdZXlBNemFyrP5GGHj2WeDTJMBrHgHTaladTypXHXrviFFBBGROl5moijRQ4ODA==",
      "license": "MIT",
      "engines": {
        "node": ">=18"
      },
      "optionalDependencies": {
        "@crowecawcaw/xa11y-darwin-arm64": "0.13.0",
        "@crowecawcaw/xa11y-darwin-x64": "0.13.0",
        "@crowecawcaw/xa11y-linux-arm64-gnu": "0.13.0",
        "@crowecawcaw/xa11y-linux-x64-gnu": "0.13.0",
        "@crowecawcaw/xa11y-win32-arm64-msvc": "0.13.0",
        "@crowecawcaw/xa11y-win32-x64-msvc": "0.13.0"
      }
    },
    "node_modules/@crowecawcaw/xa11y-darwin-arm64": {
      "version": "0.13.0",
      "resolved": "https://registry.npmjs.org/@crowecawcaw/xa11y-darwin-arm64/-/xa11y-darwin-arm64-0.13.0.tgz",
      "integrity": "sha512-wT+f9lbE6IfSPs8unb7IHr6/V/EkB4SCMFisTtV3jsTseCKr4/vkgpI1LRdul2r+KrmgQ4JxRpUDVB25dmpqNw==",
      "cpu": [
        "arm64"
      ],
      "license": "MIT",
      "optional": true,
      "os": [
        "darwin"
      ],
      "engines": {
        "node": ">=18"
      }
    },
    "node_modules/@crowecawcaw/xa11y-darwin-x64": {
      "version": "0.13.0",
      "resolved": "https://registry.npmjs.org/@crowecawcaw/xa11y-darwin-x64/-/xa11y-darwin-x64-0.13.0.tgz",
      "integrity": "sha512-8QtLjTzciLIFOTWX1wZRTh6lg+Cw35Rc0VcDtJspS3baHiqkTZD6UyeZKhu5awSirbYZWLeXTuyY2CHCfaQ9rw==",
      "cpu": [
        "x64"
      ],
      "license": "MIT",
      "optional": true,
      "os": [
        "darwin"
      ],
      "engines": {
        "node": ">=18"
      }
    },
    "node_modules/@crowecawcaw/xa11y-linux-arm64-gnu": {
      "version": "0.13.0",
      "resolved": "https://registry.npmjs.org/@crowecawcaw/xa11y-linux-arm64-gnu/-/xa11y-linux-arm64-gnu-0.13.0.tgz",
      "integrity": "sha512-Yad7Bo25pqyowd92yLxGqr59ASSf7zr6lhzoufeCJU62eOq96jEQhhQw0TlvRU8aRI1ksgSuiUivoxNjYP2/gg==",
      "cpu": [
        "arm64"
      ],
      "libc": [
        "glibc"
      ],
      "license": "MIT",
      "optional": true,
      "os": [
        "linux"
      ],
      "engines": {
        "node": ">=18"
      }
    },
    "node_modules/@crowecawcaw/xa11y-linux-x64-gnu": {
      "version": "0.13.0",
      "resolved": "https://registry.npmjs.org/@crowecawcaw/xa11y-linux-x64-gnu/-/xa11y-linux-x64-gnu-0.13.0.tgz",
      "integrity": "sha512-h/7UoAr2X8iSHaBsNFt7uW1Ft14zgintTACNYMTX8WFwE+WXdHe3vtJmxa/bG+N8imWSGH1Xkzg52YJaa/C+bw==",
      "cpu": [
        "x64"
      ],
      "libc": [
        "glibc"
      ],
      "license": "MIT",
      "optional": true,
      "os": [
        "linux"
      ],
      "engines": {
        "node": ">=18"
      }
    },
    "node_modules/@crowecawcaw/xa11y-win32-arm64-msvc": {
      "version": "0.13.0",
      "resolved": "https://registry.npmjs.org/@crowecawcaw/xa11y-win32-arm64-msvc/-/xa11y-win32-arm64-msvc-0.13.0.tgz",
      "integrity": "sha512-3vmwZxNg7s6qXdSmYve3EE/zh7vZx75jUxi29odguy9llUvWpWFguvvXJ8EFYh13+TwxchibxnImlZb1XpKG+g==",
      "cpu": [
        "arm64"
      ],
      "license": "MIT",
      "optional": true,
      "os": [
        "win32"
      ],
      "engines": {
        "node": ">=18"
      }
    },
    "node_modules/@crowecawcaw/xa11y-win32-x64-msvc": {
      "version": "0.13.0",
      "resolved": "https://registry.npmjs.org/@crowecawcaw/xa11y-win32-x64-msvc/-/xa11y-win32-x64-msvc-0.13.0.tgz",
      "integrity": "sha512-7kWYSj6AZKIN89EirGJQTkeaCJrElwFXOp9eQKd55vUFGZw2YARGY5HfpXha2BKGgZgT2IRR4CJrmgz2Nb1ETw==",
      "cpu": [
        "x64"
      ],
      "license": "MIT",
      "optional": true,
      "os": [
        "win32"
      ],
      "engines": {
        "node": ">=18"
      }
    }
  }
}
